{
  "version": 4,
  "terraform_version": "1.4.6",
  "serial": 1715,
  "lineage": "2ed2c118-cd02-0adf-88cb-5fa43ef1e54b",
  "outputs": {
    "PublicSubnetOne": {
      "value": "subnet-0a10081f805a7e848",
      "type": "string"
    },
    "PublicSubnetTwo": {
      "value": "subnet-010d7a2629018056b",
      "type": "string"
    },
    "VpcId": {
      "value": "vpc-052804aedb1ffd6a0",
      "type": "string"
    }
  },
  "resources": [
    {
      "mode": "data",
      "type": "aws_availability_zones",
      "name": "available",
      "provider": "provider[\"registry.terraform.io/hashicorp/aws\"]",
      "instances": [
        {
          "schema_version": 0,
          "attributes": {
            "all_availability_zones": null,
            "exclude_names": null,
            "exclude_zone_ids": null,
            "filter": null,
            "group_names": [
              "us-east-1"
            ],
            "id": "us-east-1",
            "names": [
              "us-east-1a",
              "us-east-1b",
              "us-east-1c",
              "us-east-1d",
              "us-east-1e",
              "us-east-1f"
            ],
            "state": "available",
            "timeouts": null,
            "zone_ids": [
              "use1-az1",
              "use1-az2",
              "use1-az4",
              "use1-az6",
              "use1-az3",
              "use1-az5"
            ]
          },
          "sensitive_attributes": []
        }
      ]
    },
    {
      "mode": "data",
      "type": "aws_ecr_authorization_token",
      "name": "auth",
      "provider": "provider[\"registry.terraform.io/hashicorp/aws\"]",
      "instances": [
        {
          "schema_version": 0,
          "attributes": {
            "authorization_token": "QVdTOmV5SndZWGxzYjJGa0lqb2lNSEJzWlRCUlNGcFRjRVF4UzJGUWJYYzNSMkZ1WVRaQmIyUnJNRWMxZDJwaVpWWXhNR1o1Tm1sVFozWXhhMUZITUdGWGJqSjFaMFJ4VG1Od1ZpdGxWVUZrZDNkWU1scHBVRTRyTDA1TmEwMXpNM2x4U0dnMmFYWnFlVFo2YzNjeFRETm5jMFZ3TVRGVU1UVjJaV05wUlZCSFdWRlVhMGd3WldwRVJWY3ZVbk50ZW5WWFR6WTJOVEZTVVhGWk5HTkZVVlpRWVdoUWR6bG1WblJWTm1SMFJtUXlLM2g2WlhOWGVGQjVVRTlEV21kNk1HOWtlVmhpZFdOdU5rRlhiRE5OUkdacFNtVlRjRnBYVW5GamVGUlZSSFZwUzJJMVRYUTVWVzluUTBOSGFHRTBTMUZUWlVkdFNrazBOVWhSTVRkNmFFTmpkMlJ4WjI1TVp6ZHFPRXhOU0VOcGIxTjBUakFyYzFWRFV6TlhTaXMwYzJsUFZIVktPR1ZrUVRGbFZuWmFlVTF2ZVZWMWJUTk1kMGgxTlVOVFZEUXJVV05GTDJwaGMxSlpjVXQ0VEhSNFJpdGtSeko2YldOUkswOXZPRWg2ZVhRclQzVm9XREIyV1dOSlFVUTBlWGxuSzA1dU4zSllVMGhPVkU1dlRtRXpjRWtyZVRkUlkyOUZhazlIT0dkRmNHODJUbUU0ZDBGellYSnNPVTB4UXpkbGJsVjBZMmc1YlRoR2FXRlpRbTVPYjJremFERmxUekZ1UkdOaFowTlZSRWR5VkZFeGF6VjJRazV3ZGtJd1pDOVBUMEZKZEdwWE5rbFJjbloxWlVJME1GVXZSVk5CVmxwbVdXOWtTVEJPU1hkbmQwUldZa2xyUnpKeUswUXpRMEpVTjNob2JWaG9VM052YkRCSVJYWlhTMU5hVDNkRlZEZGhSbEJ3VW5CM1EycFhhR3A0VFhGQlQzWjBSbGN6VDBwbWN6SnpSblpTYm5SekswOW9SWFpxTW14ak9ESnVSWEJSUVZrNGJYTjVXRTlEV1dSUmJITnBLMnRhTkhWSE5UTkJWVmh6TURsck9XVXlMMVp4YldFMFZXbGFZbFEyZEZwclRVWmhXR3RsTTFveE1tcGxjbmhwVVdsTVVXRnllV0UwU2xkamEwbE5NbEphWmxNNVJrd3pkRzlrT0ZoMGRYbzBaVlpvY1VGblNURTNhMVZxWlM5SFFXUkZSbTlpV1hBNE4xQlNVV0UyV0RGSWRGQTJWMWgzUzNNNFdURTRXVFIwTkVaRVMwbzNOMncyWTBOcVJHRlFTMU12U2xORWRtTnVZMkprVHpKR1NVaDFhVVp2VGxjeWJVTkJObVUxUzI1bFR5OUZWVlZqTTJWcVoxaDFRWEpNVFdGWlFrbDRUamRETWtjeFZrdFNMMDQyYUVVemNIRTBhSGxoYUhBMWNYTndZbEJVV1V0b2NuRjVaVGhKUkV0MGRVcEtSRFk0ZDJWdFlURjVNVUUyY1c4eWREZ3haU3R2UTNSalJTdExUVlZqYzBsNVJESkhOM1J0TlRKNmNIVkZOMlpMTkRkUmQxQTBORm8xWTFNMmIwcEVVVEJCZUc1VFdIQmpjVkpYWTBsT2EzaHJUVXh1WkZOeE1URnRhbmxZZDBOMGRXOXFhRXczZUZWd1VGQnBVVEJvTDJaVU5uRnpjMU5SUzNkNVkxUnZWbFJHYUV4NVoyOTBNVU56T0dZNFlqaG5XalZUT0hwdWNubE1TRWt5VjBwc05tTXllbEJLTVVveFMxZEhhR0V5YzAxVGFUQlVlalZMV1hGR1RuSXhiamhzYUhocFJXeEZSRFpVTldwNWJYTkdabXQ0TmpabFVUMDlJaXdpWkdGMFlXdGxlU0k2SWtGUlJVSkJTR2gzYlRCWllVbFRTbVZTZEVwdE5XNHhSeloxY1dWbGExaDFiMWhZVUdVMVZVWmpaVGxTY1Rndk1UUjNRVUZCU0RSM1prRlpTa3R2V2tsb2RtTk9RVkZqUjI5SE9IZGlVVWxDUVVSQ2IwSm5hM0ZvYTJsSE9YY3dRa0ozUlhkSVoxbEtXVWxhU1VGWFZVUkNRVVYxVFVKRlJVUlFUR05VZDJaWE1scGlWak5FSzB4VFFVbENSVWxCTjBaMFlWSXpXRkUyTnpjMFdrcHFiVTR4VUVwRFNrMTVNVFJtVmxNM09WVnZlRGgyU25sVFRIbEJXV1ZUUW5GSE0zRnJSa2RrTkRCblZXMURSelJqZG1Wa2NtRmtaVkJNTm1ObFIyOXhUbGs5SWl3aWRtVnljMmx2YmlJNklqSWlMQ0owZVhCbElqb2lSRUZVUVY5TFJWa2lMQ0psZUhCcGNtRjBhVzl1SWpveE5qZzJNamd3TVRRemZRPT0=",
            "expires_at": "2023-06-09T03:09:03Z",
            "id": "us-east-1",
            "password": "eyJwYXlsb2FkIjoiMHBsZTBRSFpTcEQxS2FQbXc3R2FuYTZBb2RrMEc1d2piZVYxMGZ5NmlTZ3Yxa1FHMGFXbjJ1Z0RxTmNwVitlVUFkd3dYMlppUE4rL05Na01zM3lxSGg2aXZqeTZ6c3cxTDNnc0VwMTFUMTV2ZWNpRVBHWVFUa0gwZWpERVcvUnNtenVXTzY2NTFSUXFZNGNFUVZQYWhQdzlmVnRVNmR0RmQyK3h6ZXNXeFB5UE9DWmd6MG9keVhidWNuNkFXbDNNRGZpSmVTcFpXUnFjeFRVRHVpS2I1TXQ5VW9nQ0NHaGE0S1FTZUdtSkk0NUhRMTd6aENjd2RxZ25MZzdqOExNSENpb1N0TjArc1VDUzNXSis0c2lPVHVKOGVkQTFlVnZaeU1veVV1bTNMd0h1NUNTVDQrUWNFL2phc1JZcUt4THR4RitkRzJ6bWNRK09vOEh6eXQrT3VoWDB2WWNJQUQ0eXlnK05uN3JYU0hOVE5vTmEzcEkreTdRY29Fak9HOGdFcG82TmE4d0FzYXJsOU0xQzdlblV0Y2g5bThGaWFZQm5Ob2kzaDFlTzFuRGNhZ0NVREdyVFExazV2Qk5wdkIwZC9PT0FJdGpXNklRcnZ1ZUI0MFUvRVNBVlpmWW9kSTBOSXdnd0RWYklrRzJyK0QzQ0JUN3hobVhoU3NvbDBIRXZXS1NaT3dFVDdhRlBwUnB3Q2pXaGp4TXFBT3Z0RlczT0pmczJzRnZSbnRzK09oRXZqMmxjODJuRXBRQVk4bXN5WE9DWWRRbHNpK2taNHVHNTNBVVhzMDlrOWUyL1ZxbWE0VWlaYlQ2dFprTUZhWGtlM1oxMmplcnhpUWlMUWFyeWE0Sldja0lNMlJaZlM5RkwzdG9kOFh0dXo0ZVZocUFnSTE3a1VqZS9HQWRFRm9iWXA4N1BSUWE2WDFIdFA2V1h3S3M4WTE4WTR0NEZES0o3N2w2Y0NqRGFQS1MvSlNEdmNuY2JkTzJGSUh1aUZvTlcybUNBNmU1S25lTy9FVVVjM2VqZ1h1QXJMTWFZQkl4TjdDMkcxVktSL042aEUzcHE0aHlhaHA1cXNwYlBUWUtocnF5ZThJREt0dUpKRDY4d2VtYTF5MUE2cW8ydDgxZStvQ3RjRStLTVVjc0l5RDJHN3RtNTJ6cHVFN2ZLNDdRd1A0NFo1Y1M2b0pEUTBBeG5TWHBjcVJXY0lOa3hrTUxuZFNxMTFtanlYd0N0dW9qaEw3eFVwUFBpUTBoL2ZUNnFzc1NRS3d5Y1RvVlRGaEx5Z290MUNzOGY4YjhnWjVTOHpucnlMSEkyV0psNmMyelBKMUoxS1dHaGEyc01TaTBUejVLWXFGTnIxbjhsaHhpRWxFRDZUNWp5bXNGZmt4NjZlUT09IiwiZGF0YWtleSI6IkFRRUJBSGh3bTBZYUlTSmVSdEptNW4xRzZ1cWVla1h1b1hYUGU1VUZjZTlScTgvMTR3QUFBSDR3ZkFZSktvWklodmNOQVFjR29HOHdiUUlCQURCb0Jna3Foa2lHOXcwQkJ3RXdIZ1lKWUlaSUFXVURCQUV1TUJFRURQTGNUd2ZXMlpiVjNEK0xTQUlCRUlBN0Z0YVIzWFE2Nzc0WkpqbU4xUEpDSk15MTRmVlM3OVVveDh2SnlTTHlBWWVTQnFHM3FrRkdkNDBnVW1DRzRjdmVkcmFkZVBMNmNlR29xTlk9IiwidmVyc2lvbiI6IjIiLCJ0eXBlIjoiREFUQV9LRVkiLCJleHBpcmF0aW9uIjoxNjg2MjgwMTQzfQ==",
            "proxy_endpoint": "https://979458579914.dkr.ecr.us-east-1.amazonaws.com",
            "registry_id": null,
            "user_name": "AWS"
          },
          "sensitive_attributes": []
        }
      ]
    },
    {
      "mode": "data",
      "type": "aws_iam_policy_document",
      "name": "ecs_task_execution_role",
      "provider": "provider[\"registry.terraform.io/hashicorp/aws\"]",
      "instances": [
        {
          "schema_version": 0,
          "attributes": {
            "id": "320642683",
            "json": "{\n  \"Version\": \"2012-10-17\",\n  \"Statement\": [\n    {\n      \"Sid\": \"\",\n      \"Effect\": \"Allow\",\n      \"Action\": \"sts:AssumeRole\",\n      \"Principal\": {\n        \"Service\": \"ecs-tasks.amazonaws.com\"\n      }\n    }\n  ]\n}",
            "override_json": null,
            "override_policy_documents": null,
            "policy_id": null,
            "source_json": null,
            "source_policy_documents": null,
            "statement": [
              {
                "actions": [
                  "sts:AssumeRole"
                ],
                "condition": [],
                "effect": "Allow",
                "not_actions": [],
                "not_principals": [],
                "not_resources": [],
                "principals": [
                  {
                    "identifiers": [
                      "ecs-tasks.amazonaws.com"
                    ],
                    "type": "Service"
                  }
                ],
                "resources": [],
                "sid": ""
              }
            ],
            "version": "2012-10-17"
          },
          "sensitive_attributes": []
        }
      ]
    },
    {
      "mode": "managed",
      "type": "aws_cloudwatch_log_group",
      "name": "xai_log_group",
      "provider": "provider[\"registry.terraform.io/hashicorp/aws\"]",
      "instances": [
        {
          "schema_version": 0,
          "attributes": {
            "arn": "arn:aws:logs:us-east-1:979458579914:log-group:/ecs/xai-app",
            "id": "/ecs/xai-app",
            "kms_key_id": "",
            "name": "/ecs/xai-app",
            "name_prefix": "",
            "retention_in_days": 30,
            "skip_destroy": false,
            "tags": {
              "Name": "xai-log-group"
            },
            "tags_all": {
              "Name": "xai-log-group"
            }
          },
          "sensitive_attributes": [],
          "private": "bnVsbA=="
        }
      ]
    },
    {
      "mode": "managed",
      "type": "aws_cloudwatch_log_stream",
      "name": "xai_log_stream",
      "provider": "provider[\"registry.terraform.io/hashicorp/aws\"]",
      "instances": [
        {
          "schema_version": 0,
          "attributes": {
            "arn": "arn:aws:logs:us-east-1:979458579914:log-group:/ecs/xai-app:log-stream:xai-log-stream",
            "id": "xai-log-stream",
            "log_group_name": "/ecs/xai-app",
            "name": "xai-log-stream"
          },
          "sensitive_attributes": [],
          "private": "bnVsbA==",
          "dependencies": [
            "aws_cloudwatch_log_group.xai_log_group"
          ]
        }
      ]
    },
    {
      "mode": "managed",
      "type": "aws_ecr_repository",
      "name": "xai-ecr-repository",
      "provider": "provider[\"registry.terraform.io/hashicorp/aws\"]",
      "instances": [
        {
          "schema_version": 0,
          "attributes": {
            "arn": "arn:aws:ecr:us-east-1:979458579914:repository/xai-central",
            "encryption_configuration": [
              {
                "encryption_type": "AES256",
                "kms_key": ""
              }
            ],
            "force_delete": null,
            "id": "xai-central",
            "image_scanning_configuration": [
              {
                "scan_on_push": false
              }
            ],
            "image_tag_mutability": "MUTABLE",
            "name": "xai-central",
            "registry_id": "979458579914",
            "repository_url": "979458579914.dkr.ecr.us-east-1.amazonaws.com/xai-central",
            "tags": null,
            "tags_all": {},
            "timeouts": null
          },
          "sensitive_attributes": [],
          "private": "eyJlMmJmYjczMC1lY2FhLTExZTYtOGY4OC0zNDM2M2JjN2M0YzAiOnsiZGVsZXRlIjoxMjAwMDAwMDAwMDAwfX0="
        }
      ]
    },
    {
      "mode": "managed",
      "type": "aws_ecs_cluster",
      "name": "fargate-cluster",
      "provider": "provider[\"registry.terraform.io/hashicorp/aws\"]",
      "instances": [
        {
          "schema_version": 0,
          "attributes": {
            "arn": "arn:aws:ecs:us-east-1:979458579914:cluster/ecs-xai-cluster",
            "capacity_providers": [],
            "configuration": [],
            "default_capacity_provider_strategy": [],
            "id": "arn:aws:ecs:us-east-1:979458579914:cluster/ecs-xai-cluster",
            "name": "ecs-xai-cluster",
            "service_connect_defaults": [],
            "setting": [
              {
                "name": "containerInsights",
                "value": "disabled"
              }
            ],
            "tags": null,
            "tags_all": {}
          },
          "sensitive_attributes": [],
          "private": "bnVsbA=="
        }
      ]
    },
    {
      "mode": "managed",
      "type": "aws_ecs_cluster_capacity_providers",
      "name": "cluster",
      "provider": "provider[\"registry.terraform.io/hashicorp/aws\"]",
      "instances": [
        {
          "schema_version": 0,
          "attributes": {
            "capacity_providers": [
              "FARGATE",
              "FARGATE_SPOT"
            ],
            "cluster_name": "ecs-xai-cluster",
            "default_capacity_provider_strategy": [
              {
                "base": 0,
                "capacity_provider": "FARGATE_SPOT",
                "weight": 0
              }
            ],
            "id": "ecs-xai-cluster"
          },
          "sensitive_attributes": [],
          "private": "bnVsbA==",
          "dependencies": [
            "aws_ecs_cluster.fargate-cluster"
          ]
        }
      ]
    },
    {
      "mode": "managed",
      "type": "aws_ecs_service",
      "name": "service-xai-central",
      "provider": "provider[\"registry.terraform.io/hashicorp/aws\"]",
      "instances": [
        {
          "schema_version": 0,
          "attributes": {
            "alarms": [],
            "capacity_provider_strategy": [],
            "cluster": "arn:aws:ecs:us-east-1:979458579914:cluster/ecs-xai-cluster",
            "deployment_circuit_breaker": [
              {
                "enable": false,
                "rollback": false
              }
            ],
            "deployment_controller": [
              {
                "type": "ECS"
              }
            ],
            "deployment_maximum_percent": 200,
            "deployment_minimum_healthy_percent": 100,
            "desired_count": 1,
            "enable_ecs_managed_tags": false,
            "enable_execute_command": false,
            "force_new_deployment": null,
            "health_check_grace_period_seconds": 0,
            "iam_role": "/aws-service-role/ecs.amazonaws.com/AWSServiceRoleForECS",
            "id": "arn:aws:ecs:us-east-1:979458579914:service/ecs-xai-cluster/xai-central",
            "launch_type": "FARGATE",
            "load_balancer": [],
            "name": "xai-central",
            "network_configuration": [
              {
                "assign_public_ip": true,
                "security_groups": [
                  "sg-024025378ff7fcd1c"
                ],
                "subnets": [
                  "subnet-010d7a2629018056b",
                  "subnet-0a10081f805a7e848"
                ]
              }
            ],
            "ordered_placement_strategy": [],
            "placement_constraints": [],
            "platform_version": "LATEST",
            "propagate_tags": "NONE",
            "scheduling_strategy": "REPLICA",
            "service_connect_configuration": [],
            "service_registries": [],
            "tags": null,
            "tags_all": {},
            "task_definition": "arn:aws:ecs:us-east-1:979458579914:task-definition/td-xai-central:22",
            "timeouts": null,
            "triggers": {},
            "wait_for_steady_state": false
          },
          "sensitive_attributes": [],
          "private": "eyJlMmJmYjczMC1lY2FhLTExZTYtOGY4OC0zNDM2M2JjN2M0YzAiOnsiY3JlYXRlIjoxMjAwMDAwMDAwMDAwLCJkZWxldGUiOjEyMDAwMDAwMDAwMDAsInVwZGF0ZSI6MTIwMDAwMDAwMDAwMH19",
          "dependencies": [
            "aws_ecr_repository.xai-ecr-repository",
            "aws_ecs_cluster.fargate-cluster",
            "aws_ecs_task_definition.td-xai-central",
            "aws_iam_role.ecs_task_execution_role",
            "aws_security_group.ecs_security_group",
            "aws_subnet.PublicSubnetOne",
            "aws_subnet.PublicSubnetTwo",
            "aws_vpc.main",
            "data.aws_iam_policy_document.ecs_task_execution_role"
          ]
        }
      ]
    },
    {
      "mode": "managed",
      "type": "aws_ecs_task_definition",
      "name": "td-xai-central",
      "provider": "provider[\"registry.terraform.io/hashicorp/aws\"]",
      "instances": [
        {
          "schema_version": 1,
          "attributes": {
            "arn": "arn:aws:ecs:us-east-1:979458579914:task-definition/td-xai-central:22",
            "arn_without_revision": "arn:aws:ecs:us-east-1:979458579914:task-definition/td-xai-central",
            "container_definitions": "[{\"cpu\":0,\"environment\":[],\"environmentFiles\":[],\"essential\":true,\"image\":\"979458579914.dkr.ecr.us-east-1.amazonaws.com/xai-central\",\"logConfiguration\":{\"logDriver\":\"awslogs\",\"options\":{\"awslogs-create-group\":\"true\",\"awslogs-group\":\"/ecs/test\",\"awslogs-region\":\"us-east-1\",\"awslogs-stream-prefix\":\"ecs\"}},\"mountPoints\":[],\"name\":\"central\",\"portMappings\":[{\"appProtocol\":\"http\",\"containerPort\":5009,\"hostPort\":5009,\"name\":\"central-5009-tcp\",\"protocol\":\"tcp\"}],\"ulimits\":[],\"volumesFrom\":[]}]",
            "cpu": "256",
            "ephemeral_storage": [],
            "execution_role_arn": "arn:aws:iam::979458579914:role/ecs-task-execution-role",
            "family": "td-xai-central",
            "id": "td-xai-central",
            "inference_accelerator": [],
            "ipc_mode": "",
            "memory": "512",
            "network_mode": "awsvpc",
            "pid_mode": "",
            "placement_constraints": [],
            "proxy_configuration": [],
            "requires_compatibilities": [
              "FARGATE"
            ],
            "revision": 22,
            "runtime_platform": [
              {
                "cpu_architecture": "ARM64",
                "operating_system_family": "LINUX"
              }
            ],
            "skip_destroy": false,
            "tags": null,
            "tags_all": {},
            "task_role_arn": "",
            "volume": []
          },
          "sensitive_attributes": [],
          "private": "eyJzY2hlbWFfdmVyc2lvbiI6IjEifQ==",
          "dependencies": [
            "aws_ecr_repository.xai-ecr-repository",
            "aws_iam_role.ecs_task_execution_role",
            "data.aws_iam_policy_document.ecs_task_execution_role"
          ]
        }
      ]
    },
    {
      "mode": "managed",
      "type": "aws_iam_instance_profile",
      "name": "ecs_instance_profile",
      "provider": "provider[\"registry.terraform.io/hashicorp/aws\"]",
      "instances": [
        {
          "schema_version": 0,
          "attributes": {
            "arn": "arn:aws:iam::979458579914:instance-profile/ecs-instance-profile",
            "create_date": "2023-06-08T15:09:05Z",
            "id": "ecs-instance-profile",
            "name": "ecs-instance-profile",
            "name_prefix": "",
            "path": "/",
            "role": "ecs-instance-role",
            "tags": null,
            "tags_all": {},
            "unique_id": "AIPA6IDCH3XFAKMF37EK7"
          },
          "sensitive_attributes": [],
          "private": "bnVsbA==",
          "dependencies": [
            "aws_iam_role.ecs_instance_role"
          ]
        }
      ]
    },
    {
      "mode": "managed",
      "type": "aws_iam_role",
      "name": "ecs_instance_role",
      "provider": "provider[\"registry.terraform.io/hashicorp/aws\"]",
      "instances": [
        {
          "schema_version": 0,
          "attributes": {
            "arn": "arn:aws:iam::979458579914:role/ecs-instance-role",
            "assume_role_policy": "{\"Statement\":[{\"Action\":\"sts:AssumeRole\",\"Effect\":\"Allow\",\"Principal\":{\"Service\":\"ec2.amazonaws.com\"}}],\"Version\":\"2012-10-17\"}",
            "create_date": "2023-06-08T15:09:04Z",
            "description": "",
            "force_detach_policies": false,
            "id": "ecs-instance-role",
            "inline_policy": [],
            "managed_policy_arns": [],
            "max_session_duration": 3600,
            "name": "ecs-instance-role",
            "name_prefix": "",
            "path": "/",
            "permissions_boundary": null,
            "role_last_used": [
              {
                "last_used_date": "",
                "region": ""
              }
            ],
            "tags": null,
            "tags_all": {},
            "unique_id": "AROA6IDCH3XFPJQEZR2WF"
          },
          "sensitive_attributes": [],
          "private": "bnVsbA=="
        }
      ]
    },
    {
      "mode": "managed",
      "type": "aws_iam_role",
      "name": "ecs_task_execution_role",
      "provider": "provider[\"registry.terraform.io/hashicorp/aws\"]",
      "instances": [
        {
          "schema_version": 0,
          "attributes": {
            "arn": "arn:aws:iam::979458579914:role/ecs-task-execution-role",
            "assume_role_policy": "{\"Statement\":[{\"Action\":\"sts:AssumeRole\",\"Effect\":\"Allow\",\"Principal\":{\"Service\":\"ecs-tasks.amazonaws.com\"},\"Sid\":\"\"}],\"Version\":\"2012-10-17\"}",
            "create_date": "2023-06-08T15:09:04Z",
            "description": "",
            "force_detach_policies": false,
            "id": "ecs-task-execution-role",
            "inline_policy": [],
            "managed_policy_arns": [],
            "max_session_duration": 3600,
            "name": "ecs-task-execution-role",
            "name_prefix": "",
            "path": "/",
            "permissions_boundary": null,
            "role_last_used": [
              {
                "last_used_date": "",
                "region": ""
              }
            ],
            "tags": null,
            "tags_all": {},
            "unique_id": "AROA6IDCH3XFNYEVSVWQU"
          },
          "sensitive_attributes": [],
          "private": "bnVsbA==",
          "dependencies": [
            "data.aws_iam_policy_document.ecs_task_execution_role"
          ]
        }
      ]
    },
    {
      "mode": "managed",
      "type": "aws_iam_role_policy_attachment",
      "name": "ecs_instance_role_policy",
      "provider": "provider[\"registry.terraform.io/hashicorp/aws\"]",
      "instances": [
        {
          "schema_version": 0,
          "attributes": {
            "id": "ecs-instance-role-20230608150905332200000001",
            "policy_arn": "arn:aws:iam::aws:policy/service-role/AmazonEC2ContainerServiceforEC2Role",
            "role": "ecs-instance-role"
          },
          "sensitive_attributes": [],
          "private": "bnVsbA==",
          "dependencies": [
            "aws_iam_role.ecs_instance_role"
          ]
        }
      ]
    },
    {
      "mode": "managed",
      "type": "aws_iam_role_policy_attachment",
      "name": "ecs_task_execution_role",
      "provider": "provider[\"registry.terraform.io/hashicorp/aws\"]",
      "instances": [
        {
          "schema_version": 0,
          "attributes": {
            "id": "ecs-task-execution-role-20230608150905334900000002",
            "policy_arn": "arn:aws:iam::aws:policy/service-role/AmazonECSTaskExecutionRolePolicy",
            "role": "ecs-task-execution-role"
          },
          "sensitive_attributes": [],
          "private": "bnVsbA==",
          "dependencies": [
            "aws_iam_role.ecs_task_execution_role",
            "data.aws_iam_policy_document.ecs_task_execution_role"
          ]
        }
      ]
    },
    {
      "mode": "managed",
      "type": "aws_internet_gateway",
      "name": "gw",
      "provider": "provider[\"registry.terraform.io/hashicorp/aws\"]",
      "instances": [
        {
          "schema_version": 0,
          "attributes": {
            "arn": "arn:aws:ec2:us-east-1:979458579914:internet-gateway/igw-0c90659d9b243441f",
            "id": "igw-0c90659d9b243441f",
            "owner_id": "979458579914",
            "tags": null,
            "tags_all": {},
            "timeouts": null,
            "vpc_id": "vpc-052804aedb1ffd6a0"
          },
          "sensitive_attributes": [],
          "private": "eyJlMmJmYjczMC1lY2FhLTExZTYtOGY4OC0zNDM2M2JjN2M0YzAiOnsiY3JlYXRlIjoxMjAwMDAwMDAwMDAwLCJkZWxldGUiOjEyMDAwMDAwMDAwMDAsInVwZGF0ZSI6MTIwMDAwMDAwMDAwMH19",
          "dependencies": [
            "aws_vpc.main"
          ]
        }
      ]
    },
    {
      "mode": "managed",
      "type": "aws_route",
      "name": "PublicRoute1",
      "provider": "provider[\"registry.terraform.io/hashicorp/aws\"]",
      "instances": [
        {
          "schema_version": 0,
          "attributes": {
            "carrier_gateway_id": "",
            "core_network_arn": "",
            "destination_cidr_block": "0.0.0.0/0",
            "destination_ipv6_cidr_block": "",
            "destination_prefix_list_id": "",
            "egress_only_gateway_id": "",
            "gateway_id": "igw-0c90659d9b243441f",
            "id": "r-rtb-0c5df925e9ee551441080289494",
            "instance_id": "",
            "instance_owner_id": "",
            "local_gateway_id": "",
            "nat_gateway_id": "",
            "network_interface_id": "",
            "origin": "CreateRoute",
            "route_table_id": "rtb-0c5df925e9ee55144",
            "state": "active",
            "timeouts": null,
            "transit_gateway_id": "",
            "vpc_endpoint_id": "",
            "vpc_peering_connection_id": ""
          },
          "sensitive_attributes": [],
          "private": "eyJlMmJmYjczMC1lY2FhLTExZTYtOGY4OC0zNDM2M2JjN2M0YzAiOnsiY3JlYXRlIjozMDAwMDAwMDAwMDAsImRlbGV0ZSI6MzAwMDAwMDAwMDAwLCJ1cGRhdGUiOjEyMDAwMDAwMDAwMH19",
          "dependencies": [
            "aws_internet_gateway.gw",
            "aws_route_table.PublicRouteTable",
            "aws_vpc.main"
          ]
        }
      ]
    },
    {
      "mode": "managed",
      "type": "aws_route",
      "name": "PublicRoute2",
      "provider": "provider[\"registry.terraform.io/hashicorp/aws\"]",
      "instances": [
        {
          "schema_version": 0,
          "attributes": {
            "carrier_gateway_id": "",
            "core_network_arn": "",
            "destination_cidr_block": "0.0.0.0/0",
            "destination_ipv6_cidr_block": "",
            "destination_prefix_list_id": "",
            "egress_only_gateway_id": "",
            "gateway_id": "igw-0c90659d9b243441f",
            "id": "r-rtb-0c5df925e9ee551441080289494",
            "instance_id": "",
            "instance_owner_id": "",
            "local_gateway_id": "",
            "nat_gateway_id": "",
            "network_interface_id": "",
            "origin": "CreateRoute",
            "route_table_id": "rtb-0c5df925e9ee55144",
            "state": "active",
            "timeouts": null,
            "transit_gateway_id": "",
            "vpc_endpoint_id": "",
            "vpc_peering_connection_id": ""
          },
          "sensitive_attributes": [],
          "private": "eyJlMmJmYjczMC1lY2FhLTExZTYtOGY4OC0zNDM2M2JjN2M0YzAiOnsiY3JlYXRlIjozMDAwMDAwMDAwMDAsImRlbGV0ZSI6MzAwMDAwMDAwMDAwLCJ1cGRhdGUiOjEyMDAwMDAwMDAwMH19",
          "dependencies": [
            "aws_internet_gateway.gw",
            "aws_route_table.PublicRouteTable",
            "aws_vpc.main"
          ]
        }
      ]
    },
    {
      "mode": "managed",
      "type": "aws_route_table",
      "name": "PublicRouteTable",
      "provider": "provider[\"registry.terraform.io/hashicorp/aws\"]",
      "instances": [
        {
          "schema_version": 0,
          "attributes": {
            "arn": "arn:aws:ec2:us-east-1:979458579914:route-table/rtb-0c5df925e9ee55144",
            "id": "rtb-0c5df925e9ee55144",
            "owner_id": "979458579914",
            "propagating_vgws": [],
            "route": [],
            "tags": {
              "Name": "PublicRouteTable"
            },
            "tags_all": {
              "Name": "PublicRouteTable"
            },
            "timeouts": null,
            "vpc_id": "vpc-052804aedb1ffd6a0"
          },
          "sensitive_attributes": [],
          "private": "eyJlMmJmYjczMC1lY2FhLTExZTYtOGY4OC0zNDM2M2JjN2M0YzAiOnsiY3JlYXRlIjozMDAwMDAwMDAwMDAsImRlbGV0ZSI6MzAwMDAwMDAwMDAwLCJ1cGRhdGUiOjEyMDAwMDAwMDAwMH19",
          "dependencies": [
            "aws_vpc.main"
          ]
        }
      ]
    },
    {
      "mode": "managed",
      "type": "aws_route_table_association",
      "name": "PublicSubnetOneRouteTableAssociation",
      "provider": "provider[\"registry.terraform.io/hashicorp/aws\"]",
      "instances": [
        {
          "schema_version": 0,
          "attributes": {
            "gateway_id": "",
            "id": "rtbassoc-0aa1acbe937e2a686",
            "route_table_id": "rtb-0c5df925e9ee55144",
            "subnet_id": "subnet-0a10081f805a7e848",
            "timeouts": null
          },
          "sensitive_attributes": [],
          "private": "eyJlMmJmYjczMC1lY2FhLTExZTYtOGY4OC0zNDM2M2JjN2M0YzAiOnsiY3JlYXRlIjozMDAwMDAwMDAwMDAsImRlbGV0ZSI6MzAwMDAwMDAwMDAwLCJ1cGRhdGUiOjEyMDAwMDAwMDAwMH19",
          "dependencies": [
            "aws_route_table.PublicRouteTable",
            "aws_subnet.PublicSubnetOne",
            "aws_vpc.main"
          ]
        }
      ]
    },
    {
      "mode": "managed",
      "type": "aws_route_table_association",
      "name": "PublicSubnetTwoRouteTableAssociation",
      "provider": "provider[\"registry.terraform.io/hashicorp/aws\"]",
      "instances": [
        {
          "schema_version": 0,
          "attributes": {
            "gateway_id": "",
            "id": "rtbassoc-00fdc8e679a37c34d",
            "route_table_id": "rtb-0c5df925e9ee55144",
            "subnet_id": "subnet-010d7a2629018056b",
            "timeouts": null
          },
          "sensitive_attributes": [],
          "private": "eyJlMmJmYjczMC1lY2FhLTExZTYtOGY4OC0zNDM2M2JjN2M0YzAiOnsiY3JlYXRlIjozMDAwMDAwMDAwMDAsImRlbGV0ZSI6MzAwMDAwMDAwMDAwLCJ1cGRhdGUiOjEyMDAwMDAwMDAwMH19",
          "dependencies": [
            "aws_route_table.PublicRouteTable",
            "aws_subnet.PublicSubnetTwo",
            "aws_vpc.main"
          ]
        }
      ]
    },
    {
      "mode": "managed",
      "type": "aws_security_group",
      "name": "ecs_security_group",
      "provider": "provider[\"registry.terraform.io/hashicorp/aws\"]",
      "instances": [
        {
          "schema_version": 1,
          "attributes": {
            "arn": "arn:aws:ec2:us-east-1:979458579914:security-group/sg-024025378ff7fcd1c",
            "description": "enable http access on port 5006",
            "egress": [
              {
                "cidr_blocks": [
                  "0.0.0.0/0"
                ],
                "description": "",
                "from_port": 0,
                "ipv6_cidr_blocks": [],
                "prefix_list_ids": [],
                "protocol": "-1",
                "security_groups": [],
                "self": false,
                "to_port": 0
              }
            ],
            "id": "sg-024025378ff7fcd1c",
            "ingress": [
              {
                "cidr_blocks": [
                  "0.0.0.0/0"
                ],
                "description": "",
                "from_port": 22,
                "ipv6_cidr_blocks": [],
                "prefix_list_ids": [],
                "protocol": "tcp",
                "security_groups": [],
                "self": false,
                "to_port": 22
              },
              {
                "cidr_blocks": [
                  "0.0.0.0/0"
                ],
                "description": "Custom TCP",
                "from_port": 5001,
                "ipv6_cidr_blocks": [],
                "prefix_list_ids": [],
                "protocol": "tcp",
                "security_groups": [],
                "self": false,
                "to_port": 5001
              },
              {
                "cidr_blocks": [
                  "0.0.0.0/0"
                ],
                "description": "Custom TCP",
                "from_port": 5003,
                "ipv6_cidr_blocks": [],
                "prefix_list_ids": [],
                "protocol": "tcp",
                "security_groups": [],
                "self": false,
                "to_port": 5003
              },
              {
                "cidr_blocks": [
                  "0.0.0.0/0"
                ],
                "description": "Custom TCP",
                "from_port": 5004,
                "ipv6_cidr_blocks": [],
                "prefix_list_ids": [],
                "protocol": "tcp",
                "security_groups": [],
                "self": false,
                "to_port": 5004
              },
              {
                "cidr_blocks": [
                  "0.0.0.0/0"
                ],
                "description": "Custom TCP",
                "from_port": 5006,
                "ipv6_cidr_blocks": [],
                "prefix_list_ids": [],
                "protocol": "tcp",
                "security_groups": [],
                "self": false,
                "to_port": 5006
              },
              {
                "cidr_blocks": [
                  "0.0.0.0/0"
                ],
                "description": "Custom TCP",
                "from_port": 5009,
                "ipv6_cidr_blocks": [],
                "prefix_list_ids": [],
                "protocol": "tcp",
                "security_groups": [],
                "self": false,
                "to_port": 5009
              },
              {
                "cidr_blocks": [
                  "0.0.0.0/0"
                ],
                "description": "Custom TCP",
                "from_port": 5012,
                "ipv6_cidr_blocks": [],
                "prefix_list_ids": [],
                "protocol": "tcp",
                "security_groups": [],
                "self": false,
                "to_port": 5012
              }
            ],
            "name": "security group",
            "name_prefix": "",
            "owner_id": "979458579914",
            "revoke_rules_on_delete": false,
            "tags": {
              "Name": "ecs_sg"
            },
            "tags_all": {
              "Name": "ecs_sg"
            },
            "timeouts": null,
            "vpc_id": "vpc-052804aedb1ffd6a0"
          },
          "sensitive_attributes": [],
          "private": "eyJlMmJmYjczMC1lY2FhLTExZTYtOGY4OC0zNDM2M2JjN2M0YzAiOnsiY3JlYXRlIjo2MDAwMDAwMDAwMDAsImRlbGV0ZSI6OTAwMDAwMDAwMDAwfSwic2NoZW1hX3ZlcnNpb24iOiIxIn0=",
          "dependencies": [
            "aws_vpc.main"
          ]
        }
      ]
    },
    {
      "mode": "managed",
      "type": "aws_subnet",
      "name": "PublicSubnetOne",
      "provider": "provider[\"registry.terraform.io/hashicorp/aws\"]",
      "instances": [
        {
          "schema_version": 1,
          "attributes": {
            "arn": "arn:aws:ec2:us-east-1:979458579914:subnet/subnet-0a10081f805a7e848",
            "assign_ipv6_address_on_creation": false,
            "availability_zone": "us-east-1b",
            "availability_zone_id": "use1-az2",
            "cidr_block": "172.19.0.0/24",
            "customer_owned_ipv4_pool": "",
            "enable_dns64": false,
            "enable_lni_at_device_index": 0,
            "enable_resource_name_dns_a_record_on_launch": false,
            "enable_resource_name_dns_aaaa_record_on_launch": false,
            "id": "subnet-0a10081f805a7e848",
            "ipv6_cidr_block": "",
            "ipv6_cidr_block_association_id": "",
            "ipv6_native": false,
            "map_customer_owned_ip_on_launch": false,
            "map_public_ip_on_launch": true,
            "outpost_arn": "",
            "owner_id": "979458579914",
            "private_dns_hostname_type_on_launch": "ip-name",
            "tags": null,
            "tags_all": {},
            "timeouts": null,
            "vpc_id": "vpc-052804aedb1ffd6a0"
          },
          "sensitive_attributes": [],
          "private": "eyJlMmJmYjczMC1lY2FhLTExZTYtOGY4OC0zNDM2M2JjN2M0YzAiOnsiY3JlYXRlIjo2MDAwMDAwMDAwMDAsImRlbGV0ZSI6MTIwMDAwMDAwMDAwMH0sInNjaGVtYV92ZXJzaW9uIjoiMSJ9",
          "dependencies": [
            "aws_vpc.main"
          ]
        }
      ]
    },
    {
      "mode": "managed",
      "type": "aws_subnet",
      "name": "PublicSubnetTwo",
      "provider": "provider[\"registry.terraform.io/hashicorp/aws\"]",
      "instances": [
        {
          "schema_version": 1,
          "attributes": {
            "arn": "arn:aws:ec2:us-east-1:979458579914:subnet/subnet-010d7a2629018056b",
            "assign_ipv6_address_on_creation": false,
            "availability_zone": "us-east-1c",
            "availability_zone_id": "use1-az4",
            "cidr_block": "172.19.1.0/24",
            "customer_owned_ipv4_pool": "",
            "enable_dns64": false,
            "enable_lni_at_device_index": 0,
            "enable_resource_name_dns_a_record_on_launch": false,
            "enable_resource_name_dns_aaaa_record_on_launch": false,
            "id": "subnet-010d7a2629018056b",
            "ipv6_cidr_block": "",
            "ipv6_cidr_block_association_id": "",
            "ipv6_native": false,
            "map_customer_owned_ip_on_launch": false,
            "map_public_ip_on_launch": true,
            "outpost_arn": "",
            "owner_id": "979458579914",
            "private_dns_hostname_type_on_launch": "ip-name",
            "tags": null,
            "tags_all": {},
            "timeouts": null,
            "vpc_id": "vpc-052804aedb1ffd6a0"
          },
          "sensitive_attributes": [],
          "private": "eyJlMmJmYjczMC1lY2FhLTExZTYtOGY4OC0zNDM2M2JjN2M0YzAiOnsiY3JlYXRlIjo2MDAwMDAwMDAwMDAsImRlbGV0ZSI6MTIwMDAwMDAwMDAwMH0sInNjaGVtYV92ZXJzaW9uIjoiMSJ9",
          "dependencies": [
            "aws_vpc.main"
          ]
        }
      ]
    },
    {
      "mode": "managed",
      "type": "aws_vpc",
      "name": "main",
      "provider": "provider[\"registry.terraform.io/hashicorp/aws\"]",
      "instances": [
        {
          "schema_version": 1,
          "attributes": {
            "arn": "arn:aws:ec2:us-east-1:979458579914:vpc/vpc-052804aedb1ffd6a0",
            "assign_generated_ipv6_cidr_block": false,
            "cidr_block": "172.19.0.0/16",
            "default_network_acl_id": "acl-08d75b6e69fe3f90a",
            "default_route_table_id": "rtb-0cb94c9bfe39309f3",
            "default_security_group_id": "sg-0bba6daabee541de5",
            "dhcp_options_id": "dopt-05a44818390b73b44",
            "enable_classiclink": false,
            "enable_classiclink_dns_support": false,
            "enable_dns_hostnames": true,
            "enable_dns_support": true,
            "enable_network_address_usage_metrics": false,
            "id": "vpc-052804aedb1ffd6a0",
            "instance_tenancy": "default",
            "ipv4_ipam_pool_id": null,
            "ipv4_netmask_length": null,
            "ipv6_association_id": "",
            "ipv6_cidr_block": "",
            "ipv6_cidr_block_network_border_group": "",
            "ipv6_ipam_pool_id": "",
            "ipv6_netmask_length": 0,
            "main_route_table_id": "rtb-0cb94c9bfe39309f3",
            "owner_id": "979458579914",
            "tags": null,
            "tags_all": {}
          },
          "sensitive_attributes": [],
          "private": "eyJzY2hlbWFfdmVyc2lvbiI6IjEifQ=="
        }
      ]
    },
    {
      "mode": "managed",
      "type": "null_resource",
      "name": "docker_push",
      "provider": "provider[\"registry.terraform.io/hashicorp/null\"]",
      "instances": [
        {
          "schema_version": 0,
          "attributes": {
            "id": "3563689545975359782",
            "triggers": null
          },
          "sensitive_attributes": [],
          "dependencies": [
            "aws_ecr_repository.xai-ecr-repository"
          ]
        }
      ]
    }
  ],
  "check_results": null
}
